// !$*UTF8*$!
{
	archiveVersion = 1;
	classes = {
	};
	objectVersion = 56;
	objects = {

/* Begin PBXBuildFile section */
		BA4600592AD70B0B0017C0CD /* RouterPath.swift in Sources */ = {isa = PBXBuildFile; fileRef = BA4600582AD70B0B0017C0CD /* RouterPath.swift */; };
		BA46005B2AD70B540017C0CD /* NavigationRoute.swift in Sources */ = {isa = PBXBuildFile; fileRef = BA46005A2AD70B540017C0CD /* NavigationRoute.swift */; };
		BA46005D2AD70BA40017C0CD /* Router.swift in Sources */ = {isa = PBXBuildFile; fileRef = BA46005C2AD70BA40017C0CD /* Router.swift */; };
		BA46005F2AD70D380017C0CD /* EnironmentValues.swift in Sources */ = {isa = PBXBuildFile; fileRef = BA46005E2AD70D380017C0CD /* EnironmentValues.swift */; };
		BA4600612AD70D8F0017C0CD /* AppRouter.swift in Sources */ = {isa = PBXBuildFile; fileRef = BA4600602AD70D8F0017C0CD /* AppRouter.swift */; };
		BAA7E4BA2AD6F4380091FC84 /* KoinsApp.swift in Sources */ = {isa = PBXBuildFile; fileRef = BAA7E4B92AD6F4380091FC84 /* KoinsApp.swift */; };
		BAA7E4BC2AD6F4380091FC84 /* ContentView.swift in Sources */ = {isa = PBXBuildFile; fileRef = BAA7E4BB2AD6F4380091FC84 /* ContentView.swift */; };
		BAA7E4BE2AD6F43B0091FC84 /* Assets.xcassets in Resources */ = {isa = PBXBuildFile; fileRef = BAA7E4BD2AD6F43B0091FC84 /* Assets.xcassets */; };
		BAA7E4C12AD6F43B0091FC84 /* Preview Assets.xcassets in Resources */ = {isa = PBXBuildFile; fileRef = BAA7E4C02AD6F43B0091FC84 /* Preview Assets.xcassets */; };
		BAA7E4CF2AD6F6140091FC84 /* CoinMarketView.swift in Sources */ = {isa = PBXBuildFile; fileRef = BAA7E4CE2AD6F6140091FC84 /* CoinMarketView.swift */; };
		BAA7E4D12AD6F6710091FC84 /* CoinMarketRowView.swift in Sources */ = {isa = PBXBuildFile; fileRef = BAA7E4D02AD6F6710091FC84 /* CoinMarketRowView.swift */; };
		BAA7E4D42AD6F9790091FC84 /* LoadingState.swift in Sources */ = {isa = PBXBuildFile; fileRef = BAA7E4D32AD6F9790091FC84 /* LoadingState.swift */; };
		BAA7E4D62AD6F9AC0091FC84 /* ErrorStateView.swift in Sources */ = {isa = PBXBuildFile; fileRef = BAA7E4D52AD6F9AC0091FC84 /* ErrorStateView.swift */; };
		BAA7E4E42AD6FC870091FC84 /* RemoteCoinMarket.swift in Sources */ = {isa = PBXBuildFile; fileRef = BAA7E4E32AD6FC870091FC84 /* RemoteCoinMarket.swift */; };
		BAA7E4E72AD6FCDD0091FC84 /* CoinGeckoClient.swift in Sources */ = {isa = PBXBuildFile; fileRef = BAA7E4E62AD6FCDD0091FC84 /* CoinGeckoClient.swift */; };
		BAA7E4EA2AD6FCFA0091FC84 /* Poppify in Frameworks */ = {isa = PBXBuildFile; productRef = BAA7E4E92AD6FCFA0091FC84 /* Poppify */; };
		BAA7E4EC2AD6FD660091FC84 /* Requests.swift in Sources */ = {isa = PBXBuildFile; fileRef = BAA7E4EB2AD6FD660091FC84 /* Requests.swift */; };
		BAA7E4EF2AD6FE1B0091FC84 /* CoinGeckoRepository.swift in Sources */ = {isa = PBXBuildFile; fileRef = BAA7E4EE2AD6FE1B0091FC84 /* CoinGeckoRepository.swift */; };
		BAA7E4F32AD6FF100091FC84 /* CoinMarket.swift in Sources */ = {isa = PBXBuildFile; fileRef = BAA7E4F22AD6FF100091FC84 /* CoinMarket.swift */; };
		BAA7E4F52AD7001C0091FC84 /* DomainMapper.swift in Sources */ = {isa = PBXBuildFile; fileRef = BAA7E4F42AD7001C0091FC84 /* DomainMapper.swift */; };
		BAA7E4FD2AD7005B0091FC84 /* DomainMapperTests.swift in Sources */ = {isa = PBXBuildFile; fileRef = BAA7E4FC2AD7005B0091FC84 /* DomainMapperTests.swift */; };
		BAA7E5042AD700C90091FC84 /* Mocks.swift in Sources */ = {isa = PBXBuildFile; fileRef = BAA7E5032AD700C90091FC84 /* Mocks.swift */; };
		BAA7E5072AD702580091FC84 /* Double+Extension.swift in Sources */ = {isa = PBXBuildFile; fileRef = BAA7E5062AD702580091FC84 /* Double+Extension.swift */; };
		BAA7E5092AD703DD0091FC84 /* CoinMarketObservable.swift in Sources */ = {isa = PBXBuildFile; fileRef = BAA7E5082AD703DD0091FC84 /* CoinMarketObservable.swift */; };
		BAA7E50C2AD7047B0091FC84 /* CoinMarketObservableTests.swift in Sources */ = {isa = PBXBuildFile; fileRef = BAA7E50B2AD7047B0091FC84 /* CoinMarketObservableTests.swift */; };
/* End PBXBuildFile section */

/* Begin PBXContainerItemProxy section */
		BAA7E4FE2AD7005B0091FC84 /* PBXContainerItemProxy */ = {
			isa = PBXContainerItemProxy;
			containerPortal = BAA7E4AE2AD6F4380091FC84 /* Project object */;
			proxyType = 1;
			remoteGlobalIDString = BAA7E4B52AD6F4380091FC84;
			remoteInfo = Koins;
		};
/* End PBXContainerItemProxy section */

/* Begin PBXFileReference section */
		BA4600582AD70B0B0017C0CD /* RouterPath.swift */ = {isa = PBXFileReference; lastKnownFileType = sourcecode.swift; path = RouterPath.swift; sourceTree = "<group>"; };
		BA46005A2AD70B540017C0CD /* NavigationRoute.swift */ = {isa = PBXFileReference; lastKnownFileType = sourcecode.swift; path = NavigationRoute.swift; sourceTree = "<group>"; };
		BA46005C2AD70BA40017C0CD /* Router.swift */ = {isa = PBXFileReference; lastKnownFileType = sourcecode.swift; path = Router.swift; sourceTree = "<group>"; };
		BA46005E2AD70D380017C0CD /* EnironmentValues.swift */ = {isa = PBXFileReference; lastKnownFileType = sourcecode.swift; path = EnironmentValues.swift; sourceTree = "<group>"; };
		BA4600602AD70D8F0017C0CD /* AppRouter.swift */ = {isa = PBXFileReference; lastKnownFileType = sourcecode.swift; path = AppRouter.swift; sourceTree = "<group>"; };
		BAA7E4B62AD6F4380091FC84 /* Koins.app */ = {isa = PBXFileReference; explicitFileType = wrapper.application; includeInIndex = 0; path = Koins.app; sourceTree = BUILT_PRODUCTS_DIR; };
		BAA7E4B92AD6F4380091FC84 /* KoinsApp.swift */ = {isa = PBXFileReference; lastKnownFileType = sourcecode.swift; path = KoinsApp.swift; sourceTree = "<group>"; };
		BAA7E4BB2AD6F4380091FC84 /* ContentView.swift */ = {isa = PBXFileReference; lastKnownFileType = sourcecode.swift; path = ContentView.swift; sourceTree = "<group>"; };
		BAA7E4BD2AD6F43B0091FC84 /* Assets.xcassets */ = {isa = PBXFileReference; lastKnownFileType = folder.assetcatalog; path = Assets.xcassets; sourceTree = "<group>"; };
		BAA7E4C02AD6F43B0091FC84 /* Preview Assets.xcassets */ = {isa = PBXFileReference; lastKnownFileType = folder.assetcatalog; path = "Preview Assets.xcassets"; sourceTree = "<group>"; };
		BAA7E4CE2AD6F6140091FC84 /* CoinMarketView.swift */ = {isa = PBXFileReference; lastKnownFileType = sourcecode.swift; path = CoinMarketView.swift; sourceTree = "<group>"; };
		BAA7E4D02AD6F6710091FC84 /* CoinMarketRowView.swift */ = {isa = PBXFileReference; lastKnownFileType = sourcecode.swift; path = CoinMarketRowView.swift; sourceTree = "<group>"; };
		BAA7E4D32AD6F9790091FC84 /* LoadingState.swift */ = {isa = PBXFileReference; lastKnownFileType = sourcecode.swift; path = LoadingState.swift; sourceTree = "<group>"; };
		BAA7E4D52AD6F9AC0091FC84 /* ErrorStateView.swift */ = {isa = PBXFileReference; lastKnownFileType = sourcecode.swift; path = ErrorStateView.swift; sourceTree = "<group>"; };
		BAA7E4E32AD6FC870091FC84 /* RemoteCoinMarket.swift */ = {isa = PBXFileReference; lastKnownFileType = sourcecode.swift; path = RemoteCoinMarket.swift; sourceTree = "<group>"; };
		BAA7E4E62AD6FCDD0091FC84 /* CoinGeckoClient.swift */ = {isa = PBXFileReference; lastKnownFileType = sourcecode.swift; path = CoinGeckoClient.swift; sourceTree = "<group>"; };
		BAA7E4EB2AD6FD660091FC84 /* Requests.swift */ = {isa = PBXFileReference; lastKnownFileType = sourcecode.swift; path = Requests.swift; sourceTree = "<group>"; };
		BAA7E4EE2AD6FE1B0091FC84 /* CoinGeckoRepository.swift */ = {isa = PBXFileReference; lastKnownFileType = sourcecode.swift; path = CoinGeckoRepository.swift; sourceTree = "<group>"; };
		BAA7E4F22AD6FF100091FC84 /* CoinMarket.swift */ = {isa = PBXFileReference; lastKnownFileType = sourcecode.swift; path = CoinMarket.swift; sourceTree = "<group>"; };
		BAA7E4F42AD7001C0091FC84 /* DomainMapper.swift */ = {isa = PBXFileReference; lastKnownFileType = sourcecode.swift; path = DomainMapper.swift; sourceTree = "<group>"; };
		BAA7E4FA2AD7005B0091FC84 /* AppTests.xctest */ = {isa = PBXFileReference; explicitFileType = wrapper.cfbundle; includeInIndex = 0; path = AppTests.xctest; sourceTree = BUILT_PRODUCTS_DIR; };
		BAA7E4FC2AD7005B0091FC84 /* DomainMapperTests.swift */ = {isa = PBXFileReference; lastKnownFileType = sourcecode.swift; path = DomainMapperTests.swift; sourceTree = "<group>"; };
		BAA7E5032AD700C90091FC84 /* Mocks.swift */ = {isa = PBXFileReference; lastKnownFileType = sourcecode.swift; path = Mocks.swift; sourceTree = "<group>"; };
		BAA7E5062AD702580091FC84 /* Double+Extension.swift */ = {isa = PBXFileReference; lastKnownFileType = sourcecode.swift; path = "Double+Extension.swift"; sourceTree = "<group>"; };
		BAA7E5082AD703DD0091FC84 /* CoinMarketObservable.swift */ = {isa = PBXFileReference; lastKnownFileType = sourcecode.swift; path = CoinMarketObservable.swift; sourceTree = "<group>"; };
		BAA7E50B2AD7047B0091FC84 /* CoinMarketObservableTests.swift */ = {isa = PBXFileReference; lastKnownFileType = sourcecode.swift; path = CoinMarketObservableTests.swift; sourceTree = "<group>"; };
/* End PBXFileReference section */

/* Begin PBXFrameworksBuildPhase section */
		BAA7E4B32AD6F4380091FC84 /* Frameworks */ = {
			isa = PBXFrameworksBuildPhase;
			buildActionMask = 2147483647;
			files = (
				BAA7E4EA2AD6FCFA0091FC84 /* Poppify in Frameworks */,
			);
			runOnlyForDeploymentPostprocessing = 0;
		};
		BAA7E4F72AD7005B0091FC84 /* Frameworks */ = {
			isa = PBXFrameworksBuildPhase;
			buildActionMask = 2147483647;
			files = (
			);
			runOnlyForDeploymentPostprocessing = 0;
		};
/* End PBXFrameworksBuildPhase section */

/* Begin PBXGroup section */
		BA4600572AD70AED0017C0CD /* Navigation */ = {
			isa = PBXGroup;
			children = (
				BA4600602AD70D8F0017C0CD /* AppRouter.swift */,
				BA46005A2AD70B540017C0CD /* NavigationRoute.swift */,
				BA4600582AD70B0B0017C0CD /* RouterPath.swift */,
				BA46005C2AD70BA40017C0CD /* Router.swift */,
			);
			path = Navigation;
			sourceTree = "<group>";
		};
		BAA7E4AD2AD6F4380091FC84 = {
			isa = PBXGroup;
			children = (
				BAA7E4B82AD6F4380091FC84 /* Koins */,
				BAA7E4FB2AD7005B0091FC84 /* AppTests */,
				BAA7E4B72AD6F4380091FC84 /* Products */,
			);
			sourceTree = "<group>";
		};
		BAA7E4B72AD6F4380091FC84 /* Products */ = {
			isa = PBXGroup;
			children = (
				BAA7E4B62AD6F4380091FC84 /* Koins.app */,
				BAA7E4FA2AD7005B0091FC84 /* AppTests.xctest */,
			);
			name = Products;
			sourceTree = "<group>";
		};
		BAA7E4B82AD6F4380091FC84 /* Koins */ = {
			isa = PBXGroup;
			children = (
				BAA7E4CA2AD6F4EC0091FC84 /* Core */,
				BAA7E4C82AD6F4C90091FC84 /* Features */,
				BAA7E4C92AD6F4D70091FC84 /* Shared */,
				BAA7E4C72AD6F4C00091FC84 /* Sources */,
				BAA7E4BB2AD6F4380091FC84 /* ContentView.swift */,
				BAA7E4BF2AD6F43B0091FC84 /* Preview Content */,
			);
			path = Koins;
			sourceTree = "<group>";
		};
		BAA7E4BF2AD6F43B0091FC84 /* Preview Content */ = {
			isa = PBXGroup;
			children = (
				BAA7E4C02AD6F43B0091FC84 /* Preview Assets.xcassets */,
			);
			path = "Preview Content";
			sourceTree = "<group>";
		};
		BAA7E4C72AD6F4C00091FC84 /* Sources */ = {
			isa = PBXGroup;
			children = (
				BAA7E4B92AD6F4380091FC84 /* KoinsApp.swift */,
				BAA7E4BD2AD6F43B0091FC84 /* Assets.xcassets */,
			);
			path = Sources;
			sourceTree = "<group>";
		};
		BAA7E4C82AD6F4C90091FC84 /* Features */ = {
			isa = PBXGroup;
			children = (
				BAA7E4CB2AD6F5CE0091FC84 /* CoinMarket */,
			);
			path = Features;
			sourceTree = "<group>";
		};
		BAA7E4C92AD6F4D70091FC84 /* Shared */ = {
			isa = PBXGroup;
			children = (
				BA46005E2AD70D380017C0CD /* EnironmentValues.swift */,
				BA4600572AD70AED0017C0CD /* Navigation */,
			);
			path = Shared;
			sourceTree = "<group>";
		};
		BAA7E4CA2AD6F4EC0091FC84 /* Core */ = {
			isa = PBXGroup;
			children = (
				BAA7E5052AD7023A0091FC84 /* Utilities */,
				BAA7E4F02AD6FEE50091FC84 /* Domain */,
				BAA7E4D22AD6F9520091FC84 /* LoadingState */,
				BAA7E4E12AD6FC660091FC84 /* Network */,
				BAA7E4ED2AD6FDE80091FC84 /* Repositories */,
			);
			path = Core;
			sourceTree = "<group>";
		};
		BAA7E4CB2AD6F5CE0091FC84 /* CoinMarket */ = {
			isa = PBXGroup;
			children = (
				BAA7E4CC2AD6F5F40091FC84 /* Observable */,
				BAA7E4CD2AD6F5FF0091FC84 /* View */,
			);
			path = CoinMarket;
			sourceTree = "<group>";
		};
		BAA7E4CC2AD6F5F40091FC84 /* Observable */ = {
			isa = PBXGroup;
			children = (
				BAA7E5082AD703DD0091FC84 /* CoinMarketObservable.swift */,
			);
			path = Observable;
			sourceTree = "<group>";
		};
		BAA7E4CD2AD6F5FF0091FC84 /* View */ = {
			isa = PBXGroup;
			children = (
				BAA7E4CE2AD6F6140091FC84 /* CoinMarketView.swift */,
				BAA7E4D02AD6F6710091FC84 /* CoinMarketRowView.swift */,
			);
			path = View;
			sourceTree = "<group>";
		};
		BAA7E4D22AD6F9520091FC84 /* LoadingState */ = {
			isa = PBXGroup;
			children = (
				BAA7E4D32AD6F9790091FC84 /* LoadingState.swift */,
				BAA7E4D52AD6F9AC0091FC84 /* ErrorStateView.swift */,
			);
			path = LoadingState;
			sourceTree = "<group>";
		};
		BAA7E4E12AD6FC660091FC84 /* Network */ = {
			isa = PBXGroup;
			children = (
				BAA7E4E52AD6FCC80091FC84 /* Client */,
				BAA7E4E22AD6FC750091FC84 /* Models */,
				BAA7E4F42AD7001C0091FC84 /* DomainMapper.swift */,
			);
			path = Network;
			sourceTree = "<group>";
		};
		BAA7E4E22AD6FC750091FC84 /* Models */ = {
			isa = PBXGroup;
			children = (
				BAA7E4E32AD6FC870091FC84 /* RemoteCoinMarket.swift */,
			);
			path = Models;
			sourceTree = "<group>";
		};
		BAA7E4E52AD6FCC80091FC84 /* Client */ = {
			isa = PBXGroup;
			children = (
				BAA7E4E62AD6FCDD0091FC84 /* CoinGeckoClient.swift */,
				BAA7E4EB2AD6FD660091FC84 /* Requests.swift */,
			);
			path = Client;
			sourceTree = "<group>";
		};
		BAA7E4ED2AD6FDE80091FC84 /* Repositories */ = {
			isa = PBXGroup;
			children = (
				BAA7E4EE2AD6FE1B0091FC84 /* CoinGeckoRepository.swift */,
			);
			path = Repositories;
			sourceTree = "<group>";
		};
		BAA7E4F02AD6FEE50091FC84 /* Domain */ = {
			isa = PBXGroup;
			children = (
				BAA7E4F12AD6FEEF0091FC84 /* Models */,
			);
			path = Domain;
			sourceTree = "<group>";
		};
		BAA7E4F12AD6FEEF0091FC84 /* Models */ = {
			isa = PBXGroup;
			children = (
				BAA7E4F22AD6FF100091FC84 /* CoinMarket.swift */,
			);
			path = Models;
			sourceTree = "<group>";
		};
		BAA7E4FB2AD7005B0091FC84 /* AppTests */ = {
			isa = PBXGroup;
			children = (
				BAA7E50A2AD7044F0091FC84 /* ObservablesTests */,
				BAA7E4FC2AD7005B0091FC84 /* DomainMapperTests.swift */,
				BAA7E5032AD700C90091FC84 /* Mocks.swift */,
			);
			path = AppTests;
			sourceTree = "<group>";
		};
		BAA7E5052AD7023A0091FC84 /* Utilities */ = {
			isa = PBXGroup;
			children = (
				BAA7E5062AD702580091FC84 /* Double+Extension.swift */,
			);
			path = Utilities;
			sourceTree = "<group>";
		};
		BAA7E50A2AD7044F0091FC84 /* ObservablesTests */ = {
			isa = PBXGroup;
			children = (
				BAA7E50B2AD7047B0091FC84 /* CoinMarketObservableTests.swift */,
			);
			path = ObservablesTests;
			sourceTree = "<group>";
		};
/* End PBXGroup section */

/* Begin PBXNativeTarget section */
		BAA7E4B52AD6F4380091FC84 /* Koins */ = {
			isa = PBXNativeTarget;
			buildConfigurationList = BAA7E4C42AD6F43B0091FC84 /* Build configuration list for PBXNativeTarget "Koins" */;
			buildPhases = (
				BAA7E4B22AD6F4380091FC84 /* Sources */,
				BAA7E4B32AD6F4380091FC84 /* Frameworks */,
				BAA7E4B42AD6F4380091FC84 /* Resources */,
			);
			buildRules = (
			);
			dependencies = (
			);
			name = Koins;
			packageProductDependencies = (
				BAA7E4E92AD6FCFA0091FC84 /* Poppify */,
			);
			productName = Koins;
			productReference = BAA7E4B62AD6F4380091FC84 /* Koins.app */;
			productType = "com.apple.product-type.application";
		};
		BAA7E4F92AD7005B0091FC84 /* AppTests */ = {
			isa = PBXNativeTarget;
			buildConfigurationList = BAA7E5002AD7005B0091FC84 /* Build configuration list for PBXNativeTarget "AppTests" */;
			buildPhases = (
				BAA7E4F62AD7005B0091FC84 /* Sources */,
				BAA7E4F72AD7005B0091FC84 /* Frameworks */,
				BAA7E4F82AD7005B0091FC84 /* Resources */,
			);
			buildRules = (
			);
			dependencies = (
				BAA7E4FF2AD7005B0091FC84 /* PBXTargetDependency */,
			);
			name = AppTests;
			productName = AppTests;
			productReference = BAA7E4FA2AD7005B0091FC84 /* AppTests.xctest */;
			productType = "com.apple.product-type.bundle.unit-test";
		};
/* End PBXNativeTarget section */

/* Begin PBXProject section */
		BAA7E4AE2AD6F4380091FC84 /* Project object */ = {
			isa = PBXProject;
			attributes = {
				BuildIndependentTargetsInParallel = 1;
				LastSwiftUpdateCheck = 1420;
				LastUpgradeCheck = 1420;
				TargetAttributes = {
					BAA7E4B52AD6F4380091FC84 = {
						CreatedOnToolsVersion = 14.2;
					};
					BAA7E4F92AD7005B0091FC84 = {
						CreatedOnToolsVersion = 14.2;
						TestTargetID = BAA7E4B52AD6F4380091FC84;
					};
				};
			};
			buildConfigurationList = BAA7E4B12AD6F4380091FC84 /* Build configuration list for PBXProject "Koins" */;
			compatibilityVersion = "Xcode 14.0";
			developmentRegion = en;
			hasScannedForEncodings = 0;
			knownRegions = (
				en,
				Base,
			);
			mainGroup = BAA7E4AD2AD6F4380091FC84;
			packageReferences = (
				BAA7E4E82AD6FCFA0091FC84 /* XCRemoteSwiftPackageReference "Poppify" */,
			);
			productRefGroup = BAA7E4B72AD6F4380091FC84 /* Products */;
			projectDirPath = "";
			projectRoot = "";
			targets = (
				BAA7E4B52AD6F4380091FC84 /* Koins */,
				BAA7E4F92AD7005B0091FC84 /* AppTests */,
			);
		};
/* End PBXProject section */

/* Begin PBXResourcesBuildPhase section */
		BAA7E4B42AD6F4380091FC84 /* Resources */ = {
			isa = PBXResourcesBuildPhase;
			buildActionMask = 2147483647;
			files = (
				BAA7E4C12AD6F43B0091FC84 /* Preview Assets.xcassets in Resources */,
				BAA7E4BE2AD6F43B0091FC84 /* Assets.xcassets in Resources */,
			);
			runOnlyForDeploymentPostprocessing = 0;
		};
		BAA7E4F82AD7005B0091FC84 /* Resources */ = {
			isa = PBXResourcesBuildPhase;
			buildActionMask = 2147483647;
			files = (
			);
			runOnlyForDeploymentPostprocessing = 0;
		};
/* End PBXResourcesBuildPhase section */

/* Begin PBXSourcesBuildPhase section */
		BAA7E4B22AD6F4380091FC84 /* Sources */ = {
			isa = PBXSourcesBuildPhase;
			buildActionMask = 2147483647;
			files = (
				BAA7E4BC2AD6F4380091FC84 /* ContentView.swift in Sources */,
				BAA7E4E72AD6FCDD0091FC84 /* CoinGeckoClient.swift in Sources */,
				BA4600612AD70D8F0017C0CD /* AppRouter.swift in Sources */,
				BAA7E4E42AD6FC870091FC84 /* RemoteCoinMarket.swift in Sources */,
				BAA7E4EC2AD6FD660091FC84 /* Requests.swift in Sources */,
				BAA7E5072AD702580091FC84 /* Double+Extension.swift in Sources */,
				BAA7E4BA2AD6F4380091FC84 /* KoinsApp.swift in Sources */,
				BAA7E4D42AD6F9790091FC84 /* LoadingState.swift in Sources */,
				BAA7E4F52AD7001C0091FC84 /* DomainMapper.swift in Sources */,
				BAA7E4F32AD6FF100091FC84 /* CoinMarket.swift in Sources */,
				BAA7E4EF2AD6FE1B0091FC84 /* CoinGeckoRepository.swift in Sources */,
				BA46005D2AD70BA40017C0CD /* Router.swift in Sources */,
				BAA7E4D62AD6F9AC0091FC84 /* ErrorStateView.swift in Sources */,
				BA4600592AD70B0B0017C0CD /* RouterPath.swift in Sources */,
				BAA7E5092AD703DD0091FC84 /* CoinMarketObservable.swift in Sources */,
				BA46005F2AD70D380017C0CD /* EnironmentValues.swift in Sources */,
				BAA7E4D12AD6F6710091FC84 /* CoinMarketRowView.swift in Sources */,
				BAA7E4CF2AD6F6140091FC84 /* CoinMarketView.swift in Sources */,
				BA46005B2AD70B540017C0CD /* NavigationRoute.swift in Sources */,
			);
			runOnlyForDeploymentPostprocessing = 0;
		};
		BAA7E4F62AD7005B0091FC84 /* Sources */ = {
			isa = PBXSourcesBuildPhase;
			buildActionMask = 2147483647;
			files = (
				BAA7E50C2AD7047B0091FC84 /* CoinMarketObservableTests.swift in Sources */,
				BAA7E4FD2AD7005B0091FC84 /* DomainMapperTests.swift in Sources */,
				BAA7E5042AD700C90091FC84 /* Mocks.swift in Sources */,
			);
			runOnlyForDeploymentPostprocessing = 0;
		};
/* End PBXSourcesBuildPhase section */

/* Begin PBXTargetDependency section */
		BAA7E4FF2AD7005B0091FC84 /* PBXTargetDependency */ = {
			isa = PBXTargetDependency;
			target = BAA7E4B52AD6F4380091FC84 /* Koins */;
			targetProxy = BAA7E4FE2AD7005B0091FC84 /* PBXContainerItemProxy */;
		};
/* End PBXTargetDependency section */

/* Begin XCBuildConfiguration section */
		BAA7E4C22AD6F43B0091FC84 /* Debug */ = {
			isa = XCBuildConfiguration;
			buildSettings = {
				ALWAYS_SEARCH_USER_PATHS = NO;
				CLANG_ANALYZER_NONNULL = YES;
				CLANG_ANALYZER_NUMBER_OBJECT_CONVERSION = YES_AGGRESSIVE;
				CLANG_CXX_LANGUAGE_STANDARD = "gnu++20";
				CLANG_ENABLE_MODULES = YES;
				CLANG_ENABLE_OBJC_ARC = YES;
				CLANG_ENABLE_OBJC_WEAK = YES;
				CLANG_WARN_BLOCK_CAPTURE_AUTORELEASING = YES;
				CLANG_WARN_BOOL_CONVERSION = YES;
				CLANG_WARN_COMMA = YES;
				CLANG_WARN_CONSTANT_CONVERSION = YES;
				CLANG_WARN_DEPRECATED_OBJC_IMPLEMENTATIONS = YES;
				CLANG_WARN_DIRECT_OBJC_ISA_USAGE = YES_ERROR;
				CLANG_WARN_DOCUMENTATION_COMMENTS = YES;
				CLANG_WARN_EMPTY_BODY = YES;
				CLANG_WARN_ENUM_CONVERSION = YES;
				CLANG_WARN_INFINITE_RECURSION = YES;
				CLANG_WARN_INT_CONVERSION = YES;
				CLANG_WARN_NON_LITERAL_NULL_CONVERSION = YES;
				CLANG_WARN_OBJC_IMPLICIT_RETAIN_SELF = YES;
				CLANG_WARN_OBJC_LITERAL_CONVERSION = YES;
				CLANG_WARN_OBJC_ROOT_CLASS = YES_ERROR;
				CLANG_WARN_QUOTED_INCLUDE_IN_FRAMEWORK_HEADER = YES;
				CLANG_WARN_RANGE_LOOP_ANALYSIS = YES;
				CLANG_WARN_STRICT_PROTOTYPES = YES;
				CLANG_WARN_SUSPICIOUS_MOVE = YES;
				CLANG_WARN_UNGUARDED_AVAILABILITY = YES_AGGRESSIVE;
				CLANG_WARN_UNREACHABLE_CODE = YES;
				CLANG_WARN__DUPLICATE_METHOD_MATCH = YES;
				COPY_PHASE_STRIP = NO;
				DEBUG_INFORMATION_FORMAT = dwarf;
				ENABLE_STRICT_OBJC_MSGSEND = YES;
				ENABLE_TESTABILITY = YES;
				GCC_C_LANGUAGE_STANDARD = gnu11;
				GCC_DYNAMIC_NO_PIC = NO;
				GCC_NO_COMMON_BLOCKS = YES;
				GCC_OPTIMIZATION_LEVEL = 0;
				GCC_PREPROCESSOR_DEFINITIONS = (
					"DEBUG=1",
					"$(inherited)",
				);
				GCC_WARN_64_TO_32_BIT_CONVERSION = YES;
				GCC_WARN_ABOUT_RETURN_TYPE = YES_ERROR;
				GCC_WARN_UNDECLARED_SELECTOR = YES;
				GCC_WARN_UNINITIALIZED_AUTOS = YES_AGGRESSIVE;
				GCC_WARN_UNUSED_FUNCTION = YES;
				GCC_WARN_UNUSED_VARIABLE = YES;
				IPHONEOS_DEPLOYMENT_TARGET = 16.0;
				MTL_ENABLE_DEBUG_INFO = INCLUDE_SOURCE;
				MTL_FAST_MATH = YES;
				ONLY_ACTIVE_ARCH = YES;
				SDKROOT = iphoneos;
				SWIFT_ACTIVE_COMPILATION_CONDITIONS = DEBUG;
				SWIFT_OPTIMIZATION_LEVEL = "-Onone";
			};
			name = Debug;
		};
		BAA7E4C32AD6F43B0091FC84 /* Release */ = {
			isa = XCBuildConfiguration;
			buildSettings = {
				ALWAYS_SEARCH_USER_PATHS = NO;
				CLANG_ANALYZER_NONNULL = YES;
				CLANG_ANALYZER_NUMBER_OBJECT_CONVERSION = YES_AGGRESSIVE;
				CLANG_CXX_LANGUAGE_STANDARD = "gnu++20";
				CLANG_ENABLE_MODULES = YES;
				CLANG_ENABLE_OBJC_ARC = YES;
				CLANG_ENABLE_OBJC_WEAK = YES;
				CLANG_WARN_BLOCK_CAPTURE_AUTORELEASING = YES;
				CLANG_WARN_BOOL_CONVERSION = YES;
				CLANG_WARN_COMMA = YES;
				CLANG_WARN_CONSTANT_CONVERSION = YES;
				CLANG_WARN_DEPRECATED_OBJC_IMPLEMENTATIONS = YES;
				CLANG_WARN_DIRECT_OBJC_ISA_USAGE = YES_ERROR;
				CLANG_WARN_DOCUMENTATION_COMMENTS = YES;
				CLANG_WARN_EMPTY_BODY = YES;
				CLANG_WARN_ENUM_CONVERSION = YES;
				CLANG_WARN_INFINITE_RECURSION = YES;
				CLANG_WARN_INT_CONVERSION = YES;
				CLANG_WARN_NON_LITERAL_NULL_CONVERSION = YES;
				CLANG_WARN_OBJC_IMPLICIT_RETAIN_SELF = YES;
				CLANG_WARN_OBJC_LITERAL_CONVERSION = YES;
				CLANG_WARN_OBJC_ROOT_CLASS = YES_ERROR;
				CLANG_WARN_QUOTED_INCLUDE_IN_FRAMEWORK_HEADER = YES;
				CLANG_WARN_RANGE_LOOP_ANALYSIS = YES;
				CLANG_WARN_STRICT_PROTOTYPES = YES;
				CLANG_WARN_SUSPICIOUS_MOVE = YES;
				CLANG_WARN_UNGUARDED_AVAILABILITY = YES_AGGRESSIVE;
				CLANG_WARN_UNREACHABLE_CODE = YES;
				CLANG_WARN__DUPLICATE_METHOD_MATCH = YES;
				COPY_PHASE_STRIP = NO;
				DEBUG_INFORMATION_FORMAT = "dwarf-with-dsym";
				ENABLE_NS_ASSERTIONS = NO;
				ENABLE_STRICT_OBJC_MSGSEND = YES;
				GCC_C_LANGUAGE_STANDARD = gnu11;
				GCC_NO_COMMON_BLOCKS = YES;
				GCC_WARN_64_TO_32_BIT_CONVERSION = YES;
				GCC_WARN_ABOUT_RETURN_TYPE = YES_ERROR;
				GCC_WARN_UNDECLARED_SELECTOR = YES;
				GCC_WARN_UNINITIALIZED_AUTOS = YES_AGGRESSIVE;
				GCC_WARN_UNUSED_FUNCTION = YES;
				GCC_WARN_UNUSED_VARIABLE = YES;
				IPHONEOS_DEPLOYMENT_TARGET = 16.0;
				MTL_ENABLE_DEBUG_INFO = NO;
				MTL_FAST_MATH = YES;
				SDKROOT = iphoneos;
				SWIFT_COMPILATION_MODE = wholemodule;
				SWIFT_OPTIMIZATION_LEVEL = "-O";
				VALIDATE_PRODUCT = YES;
			};
			name = Release;
		};
		BAA7E4C52AD6F43B0091FC84 /* Debug */ = {
			isa = XCBuildConfiguration;
			buildSettings = {
				ASSETCATALOG_COMPILER_APPICON_NAME = AppIcon;
				ASSETCATALOG_COMPILER_GLOBAL_ACCENT_COLOR_NAME = AccentColor;
				CODE_SIGN_STYLE = Automatic;
				CURRENT_PROJECT_VERSION = 1;
				DEVELOPMENT_ASSET_PATHS = "\"Koins/Preview Content\"";
				ENABLE_PREVIEWS = YES;
				GENERATE_INFOPLIST_FILE = YES;
				INFOPLIST_KEY_UIApplicationSceneManifest_Generation = YES;
				INFOPLIST_KEY_UIApplicationSupportsIndirectInputEvents = YES;
				INFOPLIST_KEY_UILaunchScreen_Generation = YES;
				INFOPLIST_KEY_UISupportedInterfaceOrientations_iPad = "UIInterfaceOrientationPortrait UIInterfaceOrientationPortraitUpsideDown UIInterfaceOrientationLandscapeLeft UIInterfaceOrientationLandscapeRight";
				INFOPLIST_KEY_UISupportedInterfaceOrientations_iPhone = "UIInterfaceOrientationPortrait UIInterfaceOrientationLandscapeLeft UIInterfaceOrientationLandscapeRight";
				IPHONEOS_DEPLOYMENT_TARGET = 16.0;
				LD_RUNPATH_SEARCH_PATHS = (
					"$(inherited)",
					"@executable_path/Frameworks",
				);
				MARKETING_VERSION = 1.0;
				PRODUCT_BUNDLE_IDENTIFIER = com.test.Koins;
				PRODUCT_NAME = "$(TARGET_NAME)";
				SWIFT_EMIT_LOC_STRINGS = YES;
				SWIFT_VERSION = 5.0;
				TARGETED_DEVICE_FAMILY = "1,2";
			};
			name = Debug;
		};
		BAA7E4C62AD6F43B0091FC84 /* Release */ = {
			isa = XCBuildConfiguration;
			buildSettings = {
				ASSETCATALOG_COMPILER_APPICON_NAME = AppIcon;
				ASSETCATALOG_COMPILER_GLOBAL_ACCENT_COLOR_NAME = AccentColor;
				CODE_SIGN_STYLE = Automatic;
				CURRENT_PROJECT_VERSION = 1;
				DEVELOPMENT_ASSET_PATHS = "\"Koins/Preview Content\"";
				ENABLE_PREVIEWS = YES;
				GENERATE_INFOPLIST_FILE = YES;
				INFOPLIST_KEY_UIApplicationSceneManifest_Generation = YES;
				INFOPLIST_KEY_UIApplicationSupportsIndirectInputEvents = YES;
				INFOPLIST_KEY_UILaunchScreen_Generation = YES;
				INFOPLIST_KEY_UISupportedInterfaceOrientations_iPad = "UIInterfaceOrientationPortrait UIInterfaceOrientationPortraitUpsideDown UIInterfaceOrientationLandscapeLeft UIInterfaceOrientationLandscapeRight";
				INFOPLIST_KEY_UISupportedInterfaceOrientations_iPhone = "UIInterfaceOrientationPortrait UIInterfaceOrientationLandscapeLeft UIInterfaceOrientationLandscapeRight";
				IPHONEOS_DEPLOYMENT_TARGET = 16.0;
				LD_RUNPATH_SEARCH_PATHS = (
					"$(inherited)",
					"@executable_path/Frameworks",
				);
				MARKETING_VERSION = 1.0;
				PRODUCT_BUNDLE_IDENTIFIER = com.test.Koins;
				PRODUCT_NAME = "$(TARGET_NAME)";
				SWIFT_EMIT_LOC_STRINGS = YES;
				SWIFT_VERSION = 5.0;
				TARGETED_DEVICE_FAMILY = "1,2";
			};
			name = Release;
		};
		BAA7E5012AD7005B0091FC84 /* Debug */ = {
			isa = XCBuildConfiguration;
			buildSettings = {
				BUNDLE_LOADER = "$(TEST_HOST)";
				CODE_SIGN_STYLE = Automatic;
				CURRENT_PROJECT_VERSION = 1;
				GENERATE_INFOPLIST_FILE = YES;
				IPHONEOS_DEPLOYMENT_TARGET = 16.2;
				MACOSX_DEPLOYMENT_TARGET = 13.1;
				MARKETING_VERSION = 1.0;
				PRODUCT_BUNDLE_IDENTIFIER = com.test.AppTests;
				PRODUCT_NAME = "$(TARGET_NAME)";
				SDKROOT = auto;
				SUPPORTED_PLATFORMS = "iphoneos iphonesimulator macosx";
				SWIFT_EMIT_LOC_STRINGS = NO;
				SWIFT_VERSION = 5.0;
				TARGETED_DEVICE_FAMILY = "1,2";
				TEST_HOST = "$(BUILT_PRODUCTS_DIR)/Koins.app/$(BUNDLE_EXECUTABLE_FOLDER_PATH)/Koins";
			};
			name = Debug;
		};
		BAA7E5022AD7005B0091FC84 /* Release */ = {
			isa = XCBuildConfiguration;
			buildSettings = {
				BUNDLE_LOADER = "$(TEST_HOST)";
				CODE_SIGN_STYLE = Automatic;
				CURRENT_PROJECT_VERSION = 1;
				GENERATE_INFOPLIST_FILE = YES;
				IPHONEOS_DEPLOYMENT_TARGET = 16.2;
				MACOSX_DEPLOYMENT_TARGET = 13.1;
				MARKETING_VERSION = 1.0;
				PRODUCT_BUNDLE_IDENTIFIER = com.test.AppTests;
				PRODUCT_NAME = "$(TARGET_NAME)";
				SDKROOT = auto;
				SUPPORTED_PLATFORMS = "iphoneos iphonesimulator macosx";
				SWIFT_EMIT_LOC_STRINGS = NO;
				SWIFT_VERSION = 5.0;
				TARGETED_DEVICE_FAMILY = "1,2";
				TEST_HOST = "$(BUILT_PRODUCTS_DIR)/Koins.app/$(BUNDLE_EXECUTABLE_FOLDER_PATH)/Koins";
			};
			name = Release;
		};
/* End XCBuildConfiguration section */

/* Begin XCConfigurationList section */
		BAA7E4B12AD6F4380091FC84 /* Build configuration list for PBXProject "Koins" */ = {
			isa = XCConfigurationList;
			buildConfigurations = (
				BAA7E4C22AD6F43B0091FC84 /* Debug */,
				BAA7E4C32AD6F43B0091FC84 /* Release */,
			);
			defaultConfigurationIsVisible = 0;
			defaultConfigurationName = Release;
		};
		BAA7E4C42AD6F43B0091FC84 /* Build configuration list for PBXNativeTarget "Koins" */ = {
			isa = XCConfigurationList;
			buildConfigurations = (
				BAA7E4C52AD6F43B0091FC84 /* Debug */,
				BAA7E4C62AD6F43B0091FC84 /* Release */,
			);
			defaultConfigurationIsVisible = 0;
			defaultConfigurationName = Release;
		};
		BAA7E5002AD7005B0091FC84 /* Build configuration list for PBXNativeTarget "AppTests" */ = {
			isa = XCConfigurationList;
			buildConfigurations = (
				BAA7E5012AD7005B0091FC84 /* Debug */,
				BAA7E5022AD7005B0091FC84 /* Release */,
			);
			defaultConfigurationIsVisible = 0;
			defaultConfigurationName = Release;
		};
/* End XCConfigurationList section */

/* Begin XCRemoteSwiftPackageReference section */
		BAA7E4E82AD6FCFA0091FC84 /* XCRemoteSwiftPackageReference "Poppify" */ = {
			isa = XCRemoteSwiftPackageReference;
			repositoryURL = "https://github.com/OccamsCode/Poppify";
			requirement = {
				kind = upToNextMajorVersion;
				minimumVersion = 1.0.0;
			};
		};
/* End XCRemoteSwiftPackageReference section */

/* Begin XCSwiftPackageProductDependency section */
		BAA7E4E92AD6FCFA0091FC84 /* Poppify */ = {
			isa = XCSwiftPackageProductDependency;
			package = BAA7E4E82AD6FCFA0091FC84 /* XCRemoteSwiftPackageReference "Poppify" */;
			productName = Poppify;
		};
/* End XCSwiftPackageProductDependency section */
	};
	rootObject = BAA7E4AE2AD6F4380091FC84 /* Project object */;
}
